
Microsoft Visual Studio Solution File, Format Version 12.00
# Visual Studio Version 17
VisualStudioVersion = 17.2.32616.157
MinimumVisualStudioVersion = 10.0.40219.1
Project("{9A19103F-16F7-4668-BE54-9A1E7A4F7556}") = "Potato", "Potato.csproj", "{A8EE8350-B186-4555-B609-F3CEA5A5BB04}"
EndProject
Global
	GlobalSection(SolutionConfigurationPlatforms) = preSolution
		Debug|Any CPU = Debug|Any CPU
		Release|Any CPU = Release|Any CPU
	EndGlobalSection
	GlobalSection(ProjectConfigurationPlatforms) = postSolution
		{A8EE8350-B186-4555-B609-F3CEA5A5BB04}.Debug|Any CPU.ActiveCfg = Debug|Any CPU
		{A8EE8350-B186-4555-B609-F3CEA5A5BB04}.Debug|Any CPU.Build.0 = Debug|Any CPU
		{A8EE8350-B186-4555-B609-F3CEA5A5BB04}.Release|Any CPU.ActiveCfg = Release|Any CPU
		{A8EE8350-B186-4555-B609-F3CEA5A5BB04}.Release|Any CPU.Build.0 = Release|Any CPU
	EndGlobalSection
	GlobalSection(SolutionProperties) = preSolution
		HideSolutionNode = FALSE
	EndGlobalSection
	GlobalSection(ExtensibilityGlobals) = postSolution
		SolutionGuid = {95B70002-1FAE-41B7-B888-540C9A4D7E5A}
	EndGlobalSection
EndGlobal
